// !$*UTF8*$!
{
	archiveVersion = 1;
	classes = {
	};
	objectVersion = 77;
	objects = {

/* Begin PBXBuildFile section */
		2C4C8D892D9C466D00948794 /* AppDelegate.swift in Sources */ = {isa = PBXBuildFile; fileRef = 2C4C8D7F2D9C466D00948794 /* AppDelegate.swift */; };
		2C4C8D8A2D9C466D00948794 /* SceneDelegate.swift in Sources */ = {isa = PBXBuildFile; fileRef = 2C4C8D862D9C466D00948794 /* SceneDelegate.swift */; };
		2C4C8D8C2D9C466D00948794 /* Assets.xcassets in Resources */ = {isa = PBXBuildFile; fileRef = 2C4C8D802D9C466D00948794 /* Assets.xcassets */; };
		2C4C8D8E2D9C466D00948794 /* LaunchScreen.storyboard in Resources */ = {isa = PBXBuildFile; fileRef = 2C4C8D832D9C466D00948794 /* LaunchScreen.storyboard */; };
		2C4C8D8F2D9C466D00948794 /* Main.storyboard in Resources */ = {isa = PBXBuildFile; fileRef = 2C4C8D852D9C466D00948794 /* Main.storyboard */; };
		2C4C8D922D9C467600948794 /* haystekEcomLiteTests.swift in Sources */ = {isa = PBXBuildFile; fileRef = 2C4C8D902D9C467600948794 /* haystekEcomLiteTests.swift */; };
		2C4C8D962D9C467600948794 /* haystekEcomLiteUITests.swift in Sources */ = {isa = PBXBuildFile; fileRef = 2C4C8D932D9C467600948794 /* haystekEcomLiteUITests.swift */; };
		2C4C8D972D9C467600948794 /* haystekEcomLiteUITestsLaunchTests.swift in Sources */ = {isa = PBXBuildFile; fileRef = 2C4C8D942D9C467600948794 /* haystekEcomLiteUITestsLaunchTests.swift */; };
		2C4C8D9E2D9C494D00948794 /* haystekEcomTabBarController.swift in Sources */ = {isa = PBXBuildFile; fileRef = 2C4C8D9D2D9C494D00948794 /* haystekEcomTabBarController.swift */; };
		2C4C8DA02D9C49C800948794 /* HomeViewController.swift in Sources */ = {isa = PBXBuildFile; fileRef = 2C4C8D9F2D9C49C800948794 /* HomeViewController.swift */; };
		2C4C8DA22D9C49E300948794 /* CatalogViewController.swift in Sources */ = {isa = PBXBuildFile; fileRef = 2C4C8DA12D9C49E300948794 /* CatalogViewController.swift */; };
		2C4C8DA42D9C49F700948794 /* CartViewController.swift in Sources */ = {isa = PBXBuildFile; fileRef = 2C4C8DA32D9C49F700948794 /* CartViewController.swift */; };
		2C4C8DA62D9C4A3300948794 /* FavouritesViewController.swift in Sources */ = {isa = PBXBuildFile; fileRef = 2C4C8DA52D9C4A3300948794 /* FavouritesViewController.swift */; };
		2C4C8DA82D9C4A4700948794 /* ProfileViewController.swift in Sources */ = {isa = PBXBuildFile; fileRef = 2C4C8DA72D9C4A4700948794 /* ProfileViewController.swift */; };
		2C4C8DAB2D9C585A00948794 /* CategoryCell.swift in Sources */ = {isa = PBXBuildFile; fileRef = 2C4C8DAA2D9C585A00948794 /* CategoryCell.swift */; };
		2C4C8DAD2D9CAC6B00948794 /* MealCategoryResponse.swift in Sources */ = {isa = PBXBuildFile; fileRef = 2C4C8DAC2D9CAC6B00948794 /* MealCategoryResponse.swift */; };
		2C4C8DAF2D9CAE0900948794 /* NetworkManager.swift in Sources */ = {isa = PBXBuildFile; fileRef = 2C4C8DAE2D9CAE0900948794 /* NetworkManager.swift */; };
		2C4C8DB12D9CAEAE00948794 /* HomeViewModel.swift in Sources */ = {isa = PBXBuildFile; fileRef = 2C4C8DB02D9CAEAE00948794 /* HomeViewModel.swift */; };
		2C4C8DB32D9CAF5700948794 /* ProductCell.swift in Sources */ = {isa = PBXBuildFile; fileRef = 2C4C8DB22D9CAF5700948794 /* ProductCell.swift */; };
		2C4C8DB92D9CF86300948794 /* CartItemCell.swift in Sources */ = {isa = PBXBuildFile; fileRef = 2C4C8DB82D9CF86300948794 /* CartItemCell.swift */; };
		2C4C8DBB2D9CFE5E00948794 /* CartManager.swift in Sources */ = {isa = PBXBuildFile; fileRef = 2C4C8DBA2D9CFE5E00948794 /* CartManager.swift */; };
		2C4C8DBF2D9CFE8E00948794 /* CartItem.swift in Sources */ = {isa = PBXBuildFile; fileRef = 2C4C8DBE2D9CFE8E00948794 /* CartItem.swift */; };
		2C6BDD5C2E595375006BB938 /* Kingfisher in Frameworks */ = {isa = PBXBuildFile; productRef = 2C6BDD5B2E595375006BB938 /* Kingfisher */; };
		2C6BDD5E2E5984DE006BB938 /* MealDetailViewController.swift in Sources */ = {isa = PBXBuildFile; fileRef = 2C6BDD5D2E5984DE006BB938 /* MealDetailViewController.swift */; };
		2C6BDD602E5A090B006BB938 /* ThemeColor.swift in Sources */ = {isa = PBXBuildFile; fileRef = 2C6BDD5F2E5A090B006BB938 /* ThemeColor.swift */; };
/* End PBXBuildFile section */

/* Begin PBXContainerItemProxy section */
		2C4C8D622D9C463B00948794 /* PBXContainerItemProxy */ = {
			isa = PBXContainerItemProxy;
			containerPortal = 2C4C8D432D9C463A00948794 /* Project object */;
			proxyType = 1;
			remoteGlobalIDString = 2C4C8D4A2D9C463A00948794;
			remoteInfo = haystekEcomLite;
		};
		2C4C8D6C2D9C463B00948794 /* PBXContainerItemProxy */ = {
			isa = PBXContainerItemProxy;
			containerPortal = 2C4C8D432D9C463A00948794 /* Project object */;
			proxyType = 1;
			remoteGlobalIDString = 2C4C8D4A2D9C463A00948794;
			remoteInfo = haystekEcomLite;
		};
/* End PBXContainerItemProxy section */

/* Begin PBXFileReference section */
		2C4C8D4B2D9C463A00948794 /* haystekEcomLite.app */ = {isa = PBXFileReference; explicitFileType = wrapper.application; includeInIndex = 0; path = haystekEcomLite.app; sourceTree = BUILT_PRODUCTS_DIR; };
		2C4C8D612D9C463B00948794 /* haystekEcomLiteTests.xctest */ = {isa = PBXFileReference; explicitFileType = wrapper.cfbundle; includeInIndex = 0; path = haystekEcomLiteTests.xctest; sourceTree = BUILT_PRODUCTS_DIR; };
		2C4C8D6B2D9C463B00948794 /* haystekEcomLiteUITests.xctest */ = {isa = PBXFileReference; explicitFileType = wrapper.cfbundle; includeInIndex = 0; path = haystekEcomLiteUITests.xctest; sourceTree = BUILT_PRODUCTS_DIR; };
		2C4C8D7F2D9C466D00948794 /* AppDelegate.swift */ = {isa = PBXFileReference; lastKnownFileType = sourcecode.swift; path = AppDelegate.swift; sourceTree = "<group>"; };
		2C4C8D802D9C466D00948794 /* Assets.xcassets */ = {isa = PBXFileReference; lastKnownFileType = folder.assetcatalog; path = Assets.xcassets; sourceTree = "<group>"; };
		2C4C8D812D9C466D00948794 /* Info.plist */ = {isa = PBXFileReference; lastKnownFileType = text.plist.xml; path = Info.plist; sourceTree = "<group>"; };
		2C4C8D822D9C466D00948794 /* Base */ = {isa = PBXFileReference; lastKnownFileType = file.storyboard; name = Base; path = Base.lproj/LaunchScreen.storyboard; sourceTree = "<group>"; };
		2C4C8D842D9C466D00948794 /* Base */ = {isa = PBXFileReference; lastKnownFileType = file.storyboard; name = Base; path = Base.lproj/Main.storyboard; sourceTree = "<group>"; };
		2C4C8D862D9C466D00948794 /* SceneDelegate.swift */ = {isa = PBXFileReference; lastKnownFileType = sourcecode.swift; path = SceneDelegate.swift; sourceTree = "<group>"; };
		2C4C8D902D9C467600948794 /* haystekEcomLiteTests.swift */ = {isa = PBXFileReference; lastKnownFileType = sourcecode.swift; path = haystekEcomLiteTests.swift; sourceTree = "<group>"; };
		2C4C8D932D9C467600948794 /* haystekEcomLiteUITests.swift */ = {isa = PBXFileReference; lastKnownFileType = sourcecode.swift; path = haystekEcomLiteUITests.swift; sourceTree = "<group>"; };
		2C4C8D942D9C467600948794 /* haystekEcomLiteUITestsLaunchTests.swift */ = {isa = PBXFileReference; lastKnownFileType = sourcecode.swift; path = haystekEcomLiteUITestsLaunchTests.swift; sourceTree = "<group>"; };
		2C4C8D9D2D9C494D00948794 /* haystekEcomTabBarController.swift */ = {isa = PBXFileReference; lastKnownFileType = sourcecode.swift; path = haystekEcomTabBarController.swift; sourceTree = "<group>"; };
		2C4C8D9F2D9C49C800948794 /* HomeViewController.swift */ = {isa = PBXFileReference; lastKnownFileType = sourcecode.swift; path = HomeViewController.swift; sourceTree = "<group>"; };
		2C4C8DA12D9C49E300948794 /* CatalogViewController.swift */ = {isa = PBXFileReference; lastKnownFileType = sourcecode.swift; path = CatalogViewController.swift; sourceTree = "<group>"; };
		2C4C8DA32D9C49F700948794 /* CartViewController.swift */ = {isa = PBXFileReference; lastKnownFileType = sourcecode.swift; path = CartViewController.swift; sourceTree = "<group>"; };
		2C4C8DA52D9C4A3300948794 /* FavouritesViewController.swift */ = {isa = PBXFileReference; lastKnownFileType = sourcecode.swift; path = FavouritesViewController.swift; sourceTree = "<group>"; };
		2C4C8DA72D9C4A4700948794 /* ProfileViewController.swift */ = {isa = PBXFileReference; lastKnownFileType = sourcecode.swift; path = ProfileViewController.swift; sourceTree = "<group>"; };
		2C4C8DAA2D9C585A00948794 /* CategoryCell.swift */ = {isa = PBXFileReference; lastKnownFileType = sourcecode.swift; path = CategoryCell.swift; sourceTree = "<group>"; };
		2C4C8DAC2D9CAC6B00948794 /* MealCategoryResponse.swift */ = {isa = PBXFileReference; lastKnownFileType = sourcecode.swift; path = MealCategoryResponse.swift; sourceTree = "<group>"; };
		2C4C8DAE2D9CAE0900948794 /* NetworkManager.swift */ = {isa = PBXFileReference; lastKnownFileType = sourcecode.swift; path = NetworkManager.swift; sourceTree = "<group>"; };
		2C4C8DB02D9CAEAE00948794 /* HomeViewModel.swift */ = {isa = PBXFileReference; lastKnownFileType = sourcecode.swift; path = HomeViewModel.swift; sourceTree = "<group>"; };
		2C4C8DB22D9CAF5700948794 /* ProductCell.swift */ = {isa = PBXFileReference; lastKnownFileType = sourcecode.swift; path = ProductCell.swift; sourceTree = "<group>"; };
		2C4C8DB82D9CF86300948794 /* CartItemCell.swift */ = {isa = PBXFileReference; lastKnownFileType = sourcecode.swift; path = CartItemCell.swift; sourceTree = "<group>"; };
		2C4C8DBA2D9CFE5E00948794 /* CartManager.swift */ = {isa = PBXFileReference; lastKnownFileType = sourcecode.swift; path = CartManager.swift; sourceTree = "<group>"; };
		2C4C8DBE2D9CFE8E00948794 /* CartItem.swift */ = {isa = PBXFileReference; lastKnownFileType = sourcecode.swift; path = CartItem.swift; sourceTree = "<group>"; };
		2C6BDD5D2E5984DE006BB938 /* MealDetailViewController.swift */ = {isa = PBXFileReference; lastKnownFileType = sourcecode.swift; path = MealDetailViewController.swift; sourceTree = "<group>"; };
		2C6BDD5F2E5A090B006BB938 /* ThemeColor.swift */ = {isa = PBXFileReference; lastKnownFileType = sourcecode.swift; path = ThemeColor.swift; sourceTree = "<group>"; };
/* End PBXFileReference section */

/* Begin PBXFrameworksBuildPhase section */
		2C4C8D482D9C463A00948794 /* Frameworks */ = {
			isa = PBXFrameworksBuildPhase;
			buildActionMask = 2147483647;
			files = (
				2C6BDD5C2E595375006BB938 /* Kingfisher in Frameworks */,
			);
			runOnlyForDeploymentPostprocessing = 0;
		};
		2C4C8D5E2D9C463B00948794 /* Frameworks */ = {
			isa = PBXFrameworksBuildPhase;
			buildActionMask = 2147483647;
			files = (
			);
			runOnlyForDeploymentPostprocessing = 0;
		};
		2C4C8D682D9C463B00948794 /* Frameworks */ = {
			isa = PBXFrameworksBuildPhase;
			buildActionMask = 2147483647;
			files = (
			);
			runOnlyForDeploymentPostprocessing = 0;
		};
/* End PBXFrameworksBuildPhase section */

/* Begin PBXGroup section */
		2C4C8D422D9C463A00948794 = {
			isa = PBXGroup;
			children = (
				2C4C8D882D9C466D00948794 /* haystekEcomLite */,
				2C4C8D912D9C467600948794 /* haystekEcomLiteTests */,
				2C4C8D952D9C467600948794 /* haystekEcomLiteUITests */,
				2C4C8D4C2D9C463A00948794 /* Products */,
			);
			sourceTree = "<group>";
		};
		2C4C8D4C2D9C463A00948794 /* Products */ = {
			isa = PBXGroup;
			children = (
				2C4C8D4B2D9C463A00948794 /* haystekEcomLite.app */,
				2C4C8D612D9C463B00948794 /* haystekEcomLiteTests.xctest */,
				2C4C8D6B2D9C463B00948794 /* haystekEcomLiteUITests.xctest */,
			);
			name = Products;
			sourceTree = "<group>";
		};
		2C4C8D882D9C466D00948794 /* haystekEcomLite */ = {
			isa = PBXGroup;
			children = (
				2C4C8DA92D9C583300948794 /* CustomCells */,
				2C4C8D9C2D9C46B600948794 /* Utils */,
				2C4C8D9B2D9C46AF00948794 /* Services */,
				2C4C8D9A2D9C46A000948794 /* ViewModels */,
				2C4C8D992D9C469700948794 /* ViewControllers */,
				2C4C8D982D9C468200948794 /* Models */,
				2C4C8D7F2D9C466D00948794 /* AppDelegate.swift */,
				2C4C8D802D9C466D00948794 /* Assets.xcassets */,
				2C4C8D812D9C466D00948794 /* Info.plist */,
				2C4C8D832D9C466D00948794 /* LaunchScreen.storyboard */,
				2C4C8D862D9C466D00948794 /* SceneDelegate.swift */,
				2C4C8D852D9C466D00948794 /* Main.storyboard */,
			);
			path = haystekEcomLite;
			sourceTree = "<group>";
		};
		2C4C8D912D9C467600948794 /* haystekEcomLiteTests */ = {
			isa = PBXGroup;
			children = (
				2C4C8D902D9C467600948794 /* haystekEcomLiteTests.swift */,
			);
			path = haystekEcomLiteTests;
			sourceTree = "<group>";
		};
		2C4C8D952D9C467600948794 /* haystekEcomLiteUITests */ = {
			isa = PBXGroup;
			children = (
				2C4C8D932D9C467600948794 /* haystekEcomLiteUITests.swift */,
				2C4C8D942D9C467600948794 /* haystekEcomLiteUITestsLaunchTests.swift */,
			);
			path = haystekEcomLiteUITests;
			sourceTree = "<group>";
		};
		2C4C8D982D9C468200948794 /* Models */ = {
			isa = PBXGroup;
			children = (
				2C4C8DAC2D9CAC6B00948794 /* MealCategoryResponse.swift */,
				2C4C8DBE2D9CFE8E00948794 /* CartItem.swift */,
			);
			path = Models;
			sourceTree = "<group>";
		};
		2C4C8D992D9C469700948794 /* ViewControllers */ = {
			isa = PBXGroup;
			children = (
				2C4C8D9F2D9C49C800948794 /* HomeViewController.swift */,
				2C4C8DA12D9C49E300948794 /* CatalogViewController.swift */,
				2C4C8DA32D9C49F700948794 /* CartViewController.swift */,
				2C4C8DA52D9C4A3300948794 /* FavouritesViewController.swift */,
				2C4C8DA72D9C4A4700948794 /* ProfileViewController.swift */,
				2C6BDD5D2E5984DE006BB938 /* MealDetailViewController.swift */,
			);
			path = ViewControllers;
			sourceTree = "<group>";
		};
		2C4C8D9A2D9C46A000948794 /* ViewModels */ = {
			isa = PBXGroup;
			children = (
				2C4C8DB02D9CAEAE00948794 /* HomeViewModel.swift */,
			);
			path = ViewModels;
			sourceTree = "<group>";
		};
		2C4C8D9B2D9C46AF00948794 /* Services */ = {
			isa = PBXGroup;
			children = (
				2C4C8DAE2D9CAE0900948794 /* NetworkManager.swift */,
			);
			path = Services;
			sourceTree = "<group>";
		};
		2C4C8D9C2D9C46B600948794 /* Utils */ = {
			isa = PBXGroup;
			children = (
				2C4C8D9D2D9C494D00948794 /* haystekEcomTabBarController.swift */,
				2C4C8DBA2D9CFE5E00948794 /* CartManager.swift */,
				2C6BDD5F2E5A090B006BB938 /* ThemeColor.swift */,
			);
			path = Utils;
			sourceTree = "<group>";
		};
		2C4C8DA92D9C583300948794 /* CustomCells */ = {
			isa = PBXGroup;
			children = (
				2C4C8DAA2D9C585A00948794 /* CategoryCell.swift */,
				2C4C8DB22D9CAF5700948794 /* ProductCell.swift */,
				2C4C8DB82D9CF86300948794 /* CartItemCell.swift */,
			);
			path = CustomCells;
			sourceTree = "<group>";
		};
/* End PBXGroup section */

/* Begin PBXNativeTarget section */
		2C4C8D4A2D9C463A00948794 /* haystekEcomLite */ = {
			isa = PBXNativeTarget;
			buildConfigurationList = 2C4C8D742D9C463B00948794 /* Build configuration list for PBXNativeTarget "haystekEcomLite" */;
			buildPhases = (
				2C4C8D472D9C463A00948794 /* Sources */,
				2C4C8D482D9C463A00948794 /* Frameworks */,
				2C4C8D492D9C463A00948794 /* Resources */,
			);
			buildRules = (
			);
			dependencies = (
			);
			name = haystekEcomLite;
			productName = haystekEcomLite;
			productReference = 2C4C8D4B2D9C463A00948794 /* haystekEcomLite.app */;
			productType = "com.apple.product-type.application";
		};
		2C4C8D602D9C463B00948794 /* haystekEcomLiteTests */ = {
			isa = PBXNativeTarget;
			buildConfigurationList = 2C4C8D792D9C463B00948794 /* Build configuration list for PBXNativeTarget "haystekEcomLiteTests" */;
			buildPhases = (
				2C4C8D5D2D9C463B00948794 /* Sources */,
				2C4C8D5E2D9C463B00948794 /* Frameworks */,
				2C4C8D5F2D9C463B00948794 /* Resources */,
			);
			buildRules = (
			);
			dependencies = (
				2C4C8D632D9C463B00948794 /* PBXTargetDependency */,
			);
			name = haystekEcomLiteTests;
			productName = haystekEcomLiteTests;
			productReference = 2C4C8D612D9C463B00948794 /* haystekEcomLiteTests.xctest */;
			productType = "com.apple.product-type.bundle.unit-test";
		};
		2C4C8D6A2D9C463B00948794 /* haystekEcomLiteUITests */ = {
			isa = PBXNativeTarget;
			buildConfigurationList = 2C4C8D7C2D9C463B00948794 /* Build configuration list for PBXNativeTarget "haystekEcomLiteUITests" */;
			buildPhases = (
				2C4C8D672D9C463B00948794 /* Sources */,
				2C4C8D682D9C463B00948794 /* Frameworks */,
				2C4C8D692D9C463B00948794 /* Resources */,
			);
			buildRules = (
			);
			dependencies = (
				2C4C8D6D2D9C463B00948794 /* PBXTargetDependency */,
			);
			name = haystekEcomLiteUITests;
			productName = haystekEcomLiteUITests;
			productReference = 2C4C8D6B2D9C463B00948794 /* haystekEcomLiteUITests.xctest */;
			productType = "com.apple.product-type.bundle.ui-testing";
		};
/* End PBXNativeTarget section */

/* Begin PBXProject section */
		2C4C8D432D9C463A00948794 /* Project object */ = {
			isa = PBXProject;
			attributes = {
				BuildIndependentTargetsInParallel = 1;
				LastSwiftUpdateCheck = 1610;
				LastUpgradeCheck = 1610;
				TargetAttributes = {
					2C4C8D4A2D9C463A00948794 = {
						CreatedOnToolsVersion = 16.1;
					};
					2C4C8D602D9C463B00948794 = {
						CreatedOnToolsVersion = 16.1;
						TestTargetID = 2C4C8D4A2D9C463A00948794;
					};
					2C4C8D6A2D9C463B00948794 = {
						CreatedOnToolsVersion = 16.1;
						TestTargetID = 2C4C8D4A2D9C463A00948794;
					};
				};
			};
			buildConfigurationList = 2C4C8D462D9C463A00948794 /* Build configuration list for PBXProject "haystekEcomLite" */;
			developmentRegion = en;
			hasScannedForEncodings = 0;
			knownRegions = (
				en,
				Base,
			);
			mainGroup = 2C4C8D422D9C463A00948794;
			minimizedProjectReferenceProxies = 1;
			packageReferences = (
				2C6BDD5A2E595375006BB938 /* XCRemoteSwiftPackageReference "Kingfisher" */,
			);
			preferredProjectObjectVersion = 77;
			productRefGroup = 2C4C8D4C2D9C463A00948794 /* Products */;
			projectDirPath = "";
			projectRoot = "";
			targets = (
				2C4C8D4A2D9C463A00948794 /* haystekEcomLite */,
				2C4C8D602D9C463B00948794 /* haystekEcomLiteTests */,
				2C4C8D6A2D9C463B00948794 /* haystekEcomLiteUITests */,
			);
		};
/* End PBXProject section */

/* Begin PBXResourcesBuildPhase section */
		2C4C8D492D9C463A00948794 /* Resources */ = {
			isa = PBXResourcesBuildPhase;
			buildActionMask = 2147483647;
			files = (
				2C4C8D8C2D9C466D00948794 /* Assets.xcassets in Resources */,
				2C4C8D8E2D9C466D00948794 /* LaunchScreen.storyboard in Resources */,
				2C4C8D8F2D9C466D00948794 /* Main.storyboard in Resources */,
			);
			runOnlyForDeploymentPostprocessing = 0;
		};
		2C4C8D5F2D9C463B00948794 /* Resources */ = {
			isa = PBXResourcesBuildPhase;
			buildActionMask = 2147483647;
			files = (
			);
			runOnlyForDeploymentPostprocessing = 0;
		};
		2C4C8D692D9C463B00948794 /* Resources */ = {
			isa = PBXResourcesBuildPhase;
			buildActionMask = 2147483647;
			files = (
			);
			runOnlyForDeploymentPostprocessing = 0;
		};
/* End PBXResourcesBuildPhase section */

/* Begin PBXSourcesBuildPhase section */
		2C4C8D472D9C463A00948794 /* Sources */ = {
			isa = PBXSourcesBuildPhase;
			buildActionMask = 2147483647;
			files = (
				2C4C8DBB2D9CFE5E00948794 /* CartManager.swift in Sources */,
				2C4C8DAF2D9CAE0900948794 /* NetworkManager.swift in Sources */,
				2C6BDD5E2E5984DE006BB938 /* MealDetailViewController.swift in Sources */,
				2C4C8DA62D9C4A3300948794 /* FavouritesViewController.swift in Sources */,
				2C4C8DBF2D9CFE8E00948794 /* CartItem.swift in Sources */,
				2C4C8DA22D9C49E300948794 /* CatalogViewController.swift in Sources */,
				2C4C8DA42D9C49F700948794 /* CartViewController.swift in Sources */,
				2C4C8DA02D9C49C800948794 /* HomeViewController.swift in Sources */,
				2C4C8DB92D9CF86300948794 /* CartItemCell.swift in Sources */,
				2C4C8DB32D9CAF5700948794 /* ProductCell.swift in Sources */,
				2C4C8D892D9C466D00948794 /* AppDelegate.swift in Sources */,
				2C4C8D8A2D9C466D00948794 /* SceneDelegate.swift in Sources */,
				2C4C8DA82D9C4A4700948794 /* ProfileViewController.swift in Sources */,
				2C4C8DB12D9CAEAE00948794 /* HomeViewModel.swift in Sources */,
				2C4C8DAD2D9CAC6B00948794 /* MealCategoryResponse.swift in Sources */,
				2C6BDD602E5A090B006BB938 /* ThemeColor.swift in Sources */,
				2C4C8D9E2D9C494D00948794 /* haystekEcomTabBarController.swift in Sources */,
				2C4C8DAB2D9C585A00948794 /* CategoryCell.swift in Sources */,
			);
			runOnlyForDeploymentPostprocessing = 0;
		};
		2C4C8D5D2D9C463B00948794 /* Sources */ = {
			isa = PBXSourcesBuildPhase;
			buildActionMask = 2147483647;
			files = (
				2C4C8D922D9C467600948794 /* haystekEcomLiteTests.swift in Sources */,
			);
			runOnlyForDeploymentPostprocessing = 0;
		};
		2C4C8D672D9C463B00948794 /* Sources */ = {
			isa = PBXSourcesBuildPhase;
			buildActionMask = 2147483647;
			files = (
				2C4C8D962D9C467600948794 /* haystekEcomLiteUITests.swift in Sources */,
				2C4C8D972D9C467600948794 /* haystekEcomLiteUITestsLaunchTests.swift in Sources */,
			);
			runOnlyForDeploymentPostprocessing = 0;
		};
/* End PBXSourcesBuildPhase section */

/* Begin PBXTargetDependency section */
		2C4C8D632D9C463B00948794 /* PBXTargetDependency */ = {
			isa = PBXTargetDependency;
			target = 2C4C8D4A2D9C463A00948794 /* haystekEcomLite */;
			targetProxy = 2C4C8D622D9C463B00948794 /* PBXContainerItemProxy */;
		};
		2C4C8D6D2D9C463B00948794 /* PBXTargetDependency */ = {
			isa = PBXTargetDependency;
			target = 2C4C8D4A2D9C463A00948794 /* haystekEcomLite */;
			targetProxy = 2C4C8D6C2D9C463B00948794 /* PBXContainerItemProxy */;
		};
/* End PBXTargetDependency section */

/* Begin PBXVariantGroup section */
		2C4C8D832D9C466D00948794 /* LaunchScreen.storyboard */ = {
			isa = PBXVariantGroup;
			children = (
				2C4C8D822D9C466D00948794 /* Base */,
			);
			name = LaunchScreen.storyboard;
			sourceTree = "<group>";
		};
		2C4C8D852D9C466D00948794 /* Main.storyboard */ = {
			isa = PBXVariantGroup;
			children = (
				2C4C8D842D9C466D00948794 /* Base */,
			);
			name = Main.storyboard;
			sourceTree = "<group>";
		};
/* End PBXVariantGroup section */

/* Begin XCBuildConfiguration section */
		2C4C8D752D9C463B00948794 /* Debug */ = {
			isa = XCBuildConfiguration;
			buildSettings = {
				ASSETCATALOG_COMPILER_APPICON_NAME = AppIcon;
				ASSETCATALOG_COMPILER_GLOBAL_ACCENT_COLOR_NAME = AccentColor;
				CODE_SIGN_STYLE = Automatic;
				CURRENT_PROJECT_VERSION = 1;
				DEVELOPMENT_TEAM = 8DRPWY5BQD;
				GENERATE_INFOPLIST_FILE = YES;
				INFOPLIST_FILE = haystekEcomLite/Info.plist;
				INFOPLIST_KEY_UIApplicationSupportsIndirectInputEvents = YES;
				INFOPLIST_KEY_UILaunchStoryboardName = LaunchScreen;
				INFOPLIST_KEY_UIMainStoryboardFile = Main;
				INFOPLIST_KEY_UISupportedInterfaceOrientations_iPad = "UIInterfaceOrientationPortrait UIInterfaceOrientationPortraitUpsideDown UIInterfaceOrientationLandscapeLeft UIInterfaceOrientationLandscapeRight";
				INFOPLIST_KEY_UISupportedInterfaceOrientations_iPhone = "UIInterfaceOrientationPortrait UIInterfaceOrientationLandscapeLeft UIInterfaceOrientationLandscapeRight";
				LD_RUNPATH_SEARCH_PATHS = (
					"$(inherited)",
					"@executable_path/Frameworks",
				);
				MARKETING_VERSION = 1.0;
				PRODUCT_BUNDLE_IDENTIFIER = Personal.haystekEcomLite;
				PRODUCT_NAME = "$(TARGET_NAME)";
				SWIFT_EMIT_LOC_STRINGS = YES;
				SWIFT_VERSION = 5.0;
				TARGETED_DEVICE_FAMILY = "1,2";
			};
			name = Debug;
		};
		2C4C8D762D9C463B00948794 /* Release */ = {
			isa = XCBuildConfiguration;
			buildSettings = {
				ASSETCATALOG_COMPILER_APPICON_NAME = AppIcon;
				ASSETCATALOG_COMPILER_GLOBAL_ACCENT_COLOR_NAME = AccentColor;
				CODE_SIGN_STYLE = Automatic;
				CURRENT_PROJECT_VERSION = 1;
				DEVELOPMENT_TEAM = 8DRPWY5BQD;
				GENERATE_INFOPLIST_FILE = YES;
				INFOPLIST_FILE = haystekEcomLite/Info.plist;
				INFOPLIST_KEY_UIApplicationSupportsIndirectInputEvents = YES;
				INFOPLIST_KEY_UILaunchStoryboardName = LaunchScreen;
				INFOPLIST_KEY_UIMainStoryboardFile = Main;
				INFOPLIST_KEY_UISupportedInterfaceOrientations_iPad = "UIInterfaceOrientationPortrait UIInterfaceOrientationPortraitUpsideDown UIInterfaceOrientationLandscapeLeft UIInterfaceOrientationLandscapeRight";
				INFOPLIST_KEY_UISupportedInterfaceOrientations_iPhone = "UIInterfaceOrientationPortrait UIInterfaceOrientationLandscapeLeft UIInterfaceOrientationLandscapeRight";
				LD_RUNPATH_SEARCH_PATHS = (
					"$(inherited)",
					"@executable_path/Frameworks",
				);
				MARKETING_VERSION = 1.0;
				PRODUCT_BUNDLE_IDENTIFIER = Personal.haystekEcomLite;
				PRODUCT_NAME = "$(TARGET_NAME)";
				SWIFT_EMIT_LOC_STRINGS = YES;
				SWIFT_VERSION = 5.0;
				TARGETED_DEVICE_FAMILY = "1,2";
			};
			name = Release;
		};
		2C4C8D772D9C463B00948794 /* Debug */ = {
			isa = XCBuildConfiguration;
			buildSettings = {
				ALWAYS_SEARCH_USER_PATHS = NO;
				ASSETCATALOG_COMPILER_GENERATE_SWIFT_ASSET_SYMBOL_EXTENSIONS = YES;
				CLANG_ANALYZER_NONNULL = YES;
				CLANG_ANALYZER_NUMBER_OBJECT_CONVERSION = YES_AGGRESSIVE;
				CLANG_CXX_LANGUAGE_STANDARD = "gnu++20";
				CLANG_ENABLE_MODULES = YES;
				CLANG_ENABLE_OBJC_ARC = YES;
				CLANG_ENABLE_OBJC_WEAK = YES;
				CLANG_WARN_BLOCK_CAPTURE_AUTORELEASING = YES;
				CLANG_WARN_BOOL_CONVERSION = YES;
				CLANG_WARN_COMMA = YES;
				CLANG_WARN_CONSTANT_CONVERSION = YES;
				CLANG_WARN_DEPRECATED_OBJC_IMPLEMENTATIONS = YES;
				CLANG_WARN_DIRECT_OBJC_ISA_USAGE = YES_ERROR;
				CLANG_WARN_DOCUMENTATION_COMMENTS = YES;
				CLANG_WARN_EMPTY_BODY = YES;
				CLANG_WARN_ENUM_CONVERSION = YES;
				CLANG_WARN_INFINITE_RECURSION = YES;
				CLANG_WARN_INT_CONVERSION = YES;
				CLANG_WARN_NON_LITERAL_NULL_CONVERSION = YES;
				CLANG_WARN_OBJC_IMPLICIT_RETAIN_SELF = YES;
				CLANG_WARN_OBJC_LITERAL_CONVERSION = YES;
				CLANG_WARN_OBJC_ROOT_CLASS = YES_ERROR;
				CLANG_WARN_QUOTED_INCLUDE_IN_FRAMEWORK_HEADER = YES;
				CLANG_WARN_RANGE_LOOP_ANALYSIS = YES;
				CLANG_WARN_STRICT_PROTOTYPES = YES;
				CLANG_WARN_SUSPICIOUS_MOVE = YES;
				CLANG_WARN_UNGUARDED_AVAILABILITY = YES_AGGRESSIVE;
				CLANG_WARN_UNREACHABLE_CODE = YES;
				CLANG_WARN__DUPLICATE_METHOD_MATCH = YES;
				COPY_PHASE_STRIP = NO;
				DEBUG_INFORMATION_FORMAT = dwarf;
				ENABLE_STRICT_OBJC_MSGSEND = YES;
				ENABLE_TESTABILITY = YES;
				ENABLE_USER_SCRIPT_SANDBOXING = YES;
				GCC_C_LANGUAGE_STANDARD = gnu17;
				GCC_DYNAMIC_NO_PIC = NO;
				GCC_NO_COMMON_BLOCKS = YES;
				GCC_OPTIMIZATION_LEVEL = 0;
				GCC_PREPROCESSOR_DEFINITIONS = (
					"DEBUG=1",
					"$(inherited)",
				);
				GCC_WARN_64_TO_32_BIT_CONVERSION = YES;
				GCC_WARN_ABOUT_RETURN_TYPE = YES_ERROR;
				GCC_WARN_UNDECLARED_SELECTOR = YES;
				GCC_WARN_UNINITIALIZED_AUTOS = YES_AGGRESSIVE;
				GCC_WARN_UNUSED_FUNCTION = YES;
				GCC_WARN_UNUSED_VARIABLE = YES;
				IPHONEOS_DEPLOYMENT_TARGET = 18.1;
				LOCALIZATION_PREFERS_STRING_CATALOGS = YES;
				MTL_ENABLE_DEBUG_INFO = INCLUDE_SOURCE;
				MTL_FAST_MATH = YES;
				ONLY_ACTIVE_ARCH = YES;
				SDKROOT = iphoneos;
				SWIFT_ACTIVE_COMPILATION_CONDITIONS = "DEBUG $(inherited)";
				SWIFT_OPTIMIZATION_LEVEL = "-Onone";
			};
			name = Debug;
		};
		2C4C8D782D9C463B00948794 /* Release */ = {
			isa = XCBuildConfiguration;
			buildSettings = {
				ALWAYS_SEARCH_USER_PATHS = NO;
				ASSETCATALOG_COMPILER_GENERATE_SWIFT_ASSET_SYMBOL_EXTENSIONS = YES;
				CLANG_ANALYZER_NONNULL = YES;
				CLANG_ANALYZER_NUMBER_OBJECT_CONVERSION = YES_AGGRESSIVE;
				CLANG_CXX_LANGUAGE_STANDARD = "gnu++20";
				CLANG_ENABLE_MODULES = YES;
				CLANG_ENABLE_OBJC_ARC = YES;
				CLANG_ENABLE_OBJC_WEAK = YES;
				CLANG_WARN_BLOCK_CAPTURE_AUTORELEASING = YES;
				CLANG_WARN_BOOL_CONVERSION = YES;
				CLANG_WARN_COMMA = YES;
				CLANG_WARN_CONSTANT_CONVERSION = YES;
				CLANG_WARN_DEPRECATED_OBJC_IMPLEMENTATIONS = YES;
				CLANG_WARN_DIRECT_OBJC_ISA_USAGE = YES_ERROR;
				CLANG_WARN_DOCUMENTATION_COMMENTS = YES;
				CLANG_WARN_EMPTY_BODY = YES;
				CLANG_WARN_ENUM_CONVERSION = YES;
				CLANG_WARN_INFINITE_RECURSION = YES;
				CLANG_WARN_INT_CONVERSION = YES;
				CLANG_WARN_NON_LITERAL_NULL_CONVERSION = YES;
				CLANG_WARN_OBJC_IMPLICIT_RETAIN_SELF = YES;
				CLANG_WARN_OBJC_LITERAL_CONVERSION = YES;
				CLANG_WARN_OBJC_ROOT_CLASS = YES_ERROR;
				CLANG_WARN_QUOTED_INCLUDE_IN_FRAMEWORK_HEADER = YES;
				CLANG_WARN_RANGE_LOOP_ANALYSIS = YES;
				CLANG_WARN_STRICT_PROTOTYPES = YES;
				CLANG_WARN_SUSPICIOUS_MOVE = YES;
				CLANG_WARN_UNGUARDED_AVAILABILITY = YES_AGGRESSIVE;
				CLANG_WARN_UNREACHABLE_CODE = YES;
				CLANG_WARN__DUPLICATE_METHOD_MATCH = YES;
				COPY_PHASE_STRIP = NO;
				DEBUG_INFORMATION_FORMAT = "dwarf-with-dsym";
				ENABLE_NS_ASSERTIONS = NO;
				ENABLE_STRICT_OBJC_MSGSEND = YES;
				ENABLE_USER_SCRIPT_SANDBOXING = YES;
				GCC_C_LANGUAGE_STANDARD = gnu17;
				GCC_NO_COMMON_BLOCKS = YES;
				GCC_WARN_64_TO_32_BIT_CONVERSION = YES;
				GCC_WARN_ABOUT_RETURN_TYPE = YES_ERROR;
				GCC_WARN_UNDECLARED_SELECTOR = YES;
				GCC_WARN_UNINITIALIZED_AUTOS = YES_AGGRESSIVE;
				GCC_WARN_UNUSED_FUNCTION = YES;
				GCC_WARN_UNUSED_VARIABLE = YES;
				IPHONEOS_DEPLOYMENT_TARGET = 18.1;
				LOCALIZATION_PREFERS_STRING_CATALOGS = YES;
				MTL_ENABLE_DEBUG_INFO = NO;
				MTL_FAST_MATH = YES;
				SDKROOT = iphoneos;
				SWIFT_COMPILATION_MODE = wholemodule;
				VALIDATE_PRODUCT = YES;
			};
			name = Release;
		};
		2C4C8D7A2D9C463B00948794 /* Debug */ = {
			isa = XCBuildConfiguration;
			buildSettings = {
				BUNDLE_LOADER = "$(TEST_HOST)";
				CODE_SIGN_STYLE = Automatic;
				CURRENT_PROJECT_VERSION = 1;
				DEVELOPMENT_TEAM = 8DRPWY5BQD;
				GENERATE_INFOPLIST_FILE = YES;
				IPHONEOS_DEPLOYMENT_TARGET = 18.1;
				MARKETING_VERSION = 1.0;
				PRODUCT_BUNDLE_IDENTIFIER = Personal.haystekEcomLiteTests;
				PRODUCT_NAME = "$(TARGET_NAME)";
				SWIFT_EMIT_LOC_STRINGS = NO;
				SWIFT_VERSION = 5.0;
				TARGETED_DEVICE_FAMILY = "1,2";
				TEST_HOST = "$(BUILT_PRODUCTS_DIR)/haystekEcomLite.app/$(BUNDLE_EXECUTABLE_FOLDER_PATH)/haystekEcomLite";
			};
			name = Debug;
		};
		2C4C8D7B2D9C463B00948794 /* Release */ = {
			isa = XCBuildConfiguration;
			buildSettings = {
				BUNDLE_LOADER = "$(TEST_HOST)";
				CODE_SIGN_STYLE = Automatic;
				CURRENT_PROJECT_VERSION = 1;
				DEVELOPMENT_TEAM = 8DRPWY5BQD;
				GENERATE_INFOPLIST_FILE = YES;
				IPHONEOS_DEPLOYMENT_TARGET = 18.1;
				MARKETING_VERSION = 1.0;
				PRODUCT_BUNDLE_IDENTIFIER = Personal.haystekEcomLiteTests;
				PRODUCT_NAME = "$(TARGET_NAME)";
				SWIFT_EMIT_LOC_STRINGS = NO;
				SWIFT_VERSION = 5.0;
				TARGETED_DEVICE_FAMILY = "1,2";
				TEST_HOST = "$(BUILT_PRODUCTS_DIR)/haystekEcomLite.app/$(BUNDLE_EXECUTABLE_FOLDER_PATH)/haystekEcomLite";
			};
			name = Release;
		};
		2C4C8D7D2D9C463B00948794 /* Debug */ = {
			isa = XCBuildConfiguration;
			buildSettings = {
				CODE_SIGN_STYLE = Automatic;
				CURRENT_PROJECT_VERSION = 1;
				DEVELOPMENT_TEAM = 8DRPWY5BQD;
				GENERATE_INFOPLIST_FILE = YES;
				MARKETING_VERSION = 1.0;
				PRODUCT_BUNDLE_IDENTIFIER = Personal.haystekEcomLiteUITests;
				PRODUCT_NAME = "$(TARGET_NAME)";
				SWIFT_EMIT_LOC_STRINGS = NO;
				SWIFT_VERSION = 5.0;
				TARGETED_DEVICE_FAMILY = "1,2";
				TEST_TARGET_NAME = haystekEcomLite;
			};
			name = Debug;
		};
		2C4C8D7E2D9C463B00948794 /* Release */ = {
			isa = XCBuildConfiguration;
			buildSettings = {
				CODE_SIGN_STYLE = Automatic;
				CURRENT_PROJECT_VERSION = 1;
				DEVELOPMENT_TEAM = 8DRPWY5BQD;
				GENERATE_INFOPLIST_FILE = YES;
				MARKETING_VERSION = 1.0;
				PRODUCT_BUNDLE_IDENTIFIER = Personal.haystekEcomLiteUITests;
				PRODUCT_NAME = "$(TARGET_NAME)";
				SWIFT_EMIT_LOC_STRINGS = NO;
				SWIFT_VERSION = 5.0;
				TARGETED_DEVICE_FAMILY = "1,2";
				TEST_TARGET_NAME = haystekEcomLite;
			};
			name = Release;
		};
/* End XCBuildConfiguration section */

/* Begin XCConfigurationList section */
		2C4C8D462D9C463A00948794 /* Build configuration list for PBXProject "haystekEcomLite" */ = {
			isa = XCConfigurationList;
			buildConfigurations = (
				2C4C8D772D9C463B00948794 /* Debug */,
				2C4C8D782D9C463B00948794 /* Release */,
			);
			defaultConfigurationIsVisible = 0;
			defaultConfigurationName = Release;
		};
		2C4C8D742D9C463B00948794 /* Build configuration list for PBXNativeTarget "haystekEcomLite" */ = {
			isa = XCConfigurationList;
			buildConfigurations = (
				2C4C8D752D9C463B00948794 /* Debug */,
				2C4C8D762D9C463B00948794 /* Release */,
			);
			defaultConfigurationIsVisible = 0;
			defaultConfigurationName = Release;
		};
		2C4C8D792D9C463B00948794 /* Build configuration list for PBXNativeTarget "haystekEcomLiteTests" */ = {
			isa = XCConfigurationList;
			buildConfigurations = (
				2C4C8D7A2D9C463B00948794 /* Debug */,
				2C4C8D7B2D9C463B00948794 /* Release */,
			);
			defaultConfigurationIsVisible = 0;
			defaultConfigurationName = Release;
		};
		2C4C8D7C2D9C463B00948794 /* Build configuration list for PBXNativeTarget "haystekEcomLiteUITests" */ = {
			isa = XCConfigurationList;
			buildConfigurations = (
				2C4C8D7D2D9C463B00948794 /* Debug */,
				2C4C8D7E2D9C463B00948794 /* Release */,
			);
			defaultConfigurationIsVisible = 0;
			defaultConfigurationName = Release;
		};
/* End XCConfigurationList section */

/* Begin XCRemoteSwiftPackageReference section */
		2C6BDD5A2E595375006BB938 /* XCRemoteSwiftPackageReference "Kingfisher" */ = {
			isa = XCRemoteSwiftPackageReference;
			repositoryURL = "https://github.com/onevcat/Kingfisher";
			requirement = {
				kind = upToNextMajorVersion;
				minimumVersion = 8.5.0;
			};
		};
/* End XCRemoteSwiftPackageReference section */

/* Begin XCSwiftPackageProductDependency section */
		2C6BDD5B2E595375006BB938 /* Kingfisher */ = {
			isa = XCSwiftPackageProductDependency;
			package = 2C6BDD5A2E595375006BB938 /* XCRemoteSwiftPackageReference "Kingfisher" */;
			productName = Kingfisher;
		};
/* End XCSwiftPackageProductDependency section */
	};
	rootObject = 2C4C8D432D9C463A00948794 /* Project object */;
}
